// !$*UTF8*$!
{
	archiveVersion = 1;
	classes = {
	};
	objectVersion = 50;
	objects = {

/* Begin PBXBuildFile section */
		CEADE729263172550021B4F9 /* AppDelegate.swift in Sources */ = {isa = PBXBuildFile; fileRef = CEADE728263172550021B4F9 /* AppDelegate.swift */; };
		CEADE72B263172550021B4F9 /* SceneDelegate.swift in Sources */ = {isa = PBXBuildFile; fileRef = CEADE72A263172550021B4F9 /* SceneDelegate.swift */; };
		CEADE72D263172550021B4F9 /* ViewController.swift in Sources */ = {isa = PBXBuildFile; fileRef = CEADE72C263172550021B4F9 /* ViewController.swift */; };
		CEADE730263172550021B4F9 /* Main.storyboard in Resources */ = {isa = PBXBuildFile; fileRef = CEADE72E263172550021B4F9 /* Main.storyboard */; };
		CEADE732263172570021B4F9 /* Assets.xcassets in Resources */ = {isa = PBXBuildFile; fileRef = CEADE731263172570021B4F9 /* Assets.xcassets */; };
		CEADE735263172570021B4F9 /* LaunchScreen.storyboard in Resources */ = {isa = PBXBuildFile; fileRef = CEADE733263172570021B4F9 /* LaunchScreen.storyboard */; };
		CEADE740263172570021B4F9 /* MandalaTests.swift in Sources */ = {isa = PBXBuildFile; fileRef = CEADE73F263172570021B4F9 /* MandalaTests.swift */; };
		CEADE74B263172570021B4F9 /* MandalaUITests.swift in Sources */ = {isa = PBXBuildFile; fileRef = CEADE74A263172570021B4F9 /* MandalaUITests.swift */; };
		CEADE75C263172B60021B4F9 /* Mood.swift in Sources */ = {isa = PBXBuildFile; fileRef = CEADE75B263172B60021B4F9 /* Mood.swift */; };
		CEADE761263176120021B4F9 /* UIColor+Mandala.swift in Sources */ = {isa = PBXBuildFile; fileRef = CEADE760263176120021B4F9 /* UIColor+Mandala.swift */; };
		CEADE766263176860021B4F9 /* UIImage+Mandala.swift in Sources */ = {isa = PBXBuildFile; fileRef = CEADE765263176860021B4F9 /* UIImage+Mandala.swift */; };
/* End PBXBuildFile section */

/* Begin PBXContainerItemProxy section */
		CEADE73C263172570021B4F9 /* PBXContainerItemProxy */ = {
			isa = PBXContainerItemProxy;
			containerPortal = CEADE71D263172550021B4F9 /* Project object */;
			proxyType = 1;
			remoteGlobalIDString = CEADE724263172550021B4F9;
			remoteInfo = Mandala;
		};
		CEADE747263172570021B4F9 /* PBXContainerItemProxy */ = {
			isa = PBXContainerItemProxy;
			containerPortal = CEADE71D263172550021B4F9 /* Project object */;
			proxyType = 1;
			remoteGlobalIDString = CEADE724263172550021B4F9;
			remoteInfo = Mandala;
		};
/* End PBXContainerItemProxy section */

/* Begin PBXFileReference section */
		CEADE725263172550021B4F9 /* Mandala.app */ = {isa = PBXFileReference; explicitFileType = wrapper.application; includeInIndex = 0; path = Mandala.app; sourceTree = BUILT_PRODUCTS_DIR; };
		CEADE728263172550021B4F9 /* AppDelegate.swift */ = {isa = PBXFileReference; lastKnownFileType = sourcecode.swift; path = AppDelegate.swift; sourceTree = "<group>"; };
		CEADE72A263172550021B4F9 /* SceneDelegate.swift */ = {isa = PBXFileReference; lastKnownFileType = sourcecode.swift; path = SceneDelegate.swift; sourceTree = "<group>"; };
		CEADE72C263172550021B4F9 /* ViewController.swift */ = {isa = PBXFileReference; lastKnownFileType = sourcecode.swift; path = ViewController.swift; sourceTree = "<group>"; };
		CEADE72F263172550021B4F9 /* Base */ = {isa = PBXFileReference; lastKnownFileType = file.storyboard; name = Base; path = Base.lproj/Main.storyboard; sourceTree = "<group>"; };
		CEADE731263172570021B4F9 /* Assets.xcassets */ = {isa = PBXFileReference; lastKnownFileType = folder.assetcatalog; path = Assets.xcassets; sourceTree = "<group>"; };
		CEADE734263172570021B4F9 /* Base */ = {isa = PBXFileReference; lastKnownFileType = file.storyboard; name = Base; path = Base.lproj/LaunchScreen.storyboard; sourceTree = "<group>"; };
		CEADE736263172570021B4F9 /* Info.plist */ = {isa = PBXFileReference; lastKnownFileType = text.plist.xml; path = Info.plist; sourceTree = "<group>"; };
		CEADE73B263172570021B4F9 /* MandalaTests.xctest */ = {isa = PBXFileReference; explicitFileType = wrapper.cfbundle; includeInIndex = 0; path = MandalaTests.xctest; sourceTree = BUILT_PRODUCTS_DIR; };
		CEADE73F263172570021B4F9 /* MandalaTests.swift */ = {isa = PBXFileReference; lastKnownFileType = sourcecode.swift; path = MandalaTests.swift; sourceTree = "<group>"; };
		CEADE741263172570021B4F9 /* Info.plist */ = {isa = PBXFileReference; lastKnownFileType = text.plist.xml; path = Info.plist; sourceTree = "<group>"; };
		CEADE746263172570021B4F9 /* MandalaUITests.xctest */ = {isa = PBXFileReference; explicitFileType = wrapper.cfbundle; includeInIndex = 0; path = MandalaUITests.xctest; sourceTree = BUILT_PRODUCTS_DIR; };
		CEADE74A263172570021B4F9 /* MandalaUITests.swift */ = {isa = PBXFileReference; lastKnownFileType = sourcecode.swift; path = MandalaUITests.swift; sourceTree = "<group>"; };
		CEADE74C263172570021B4F9 /* Info.plist */ = {isa = PBXFileReference; lastKnownFileType = text.plist.xml; path = Info.plist; sourceTree = "<group>"; };
		CEADE75B263172B60021B4F9 /* Mood.swift */ = {isa = PBXFileReference; lastKnownFileType = sourcecode.swift; path = Mood.swift; sourceTree = "<group>"; };
		CEADE760263176120021B4F9 /* UIColor+Mandala.swift */ = {isa = PBXFileReference; lastKnownFileType = sourcecode.swift; path = "UIColor+Mandala.swift"; sourceTree = "<group>"; };
		CEADE765263176860021B4F9 /* UIImage+Mandala.swift */ = {isa = PBXFileReference; lastKnownFileType = sourcecode.swift; path = "UIImage+Mandala.swift"; sourceTree = "<group>"; };
/* End PBXFileReference section */

/* Begin PBXFrameworksBuildPhase section */
		CEADE722263172550021B4F9 /* Frameworks */ = {
			isa = PBXFrameworksBuildPhase;
			buildActionMask = 2147483647;
			files = (
			);
			runOnlyForDeploymentPostprocessing = 0;
		};
		CEADE738263172570021B4F9 /* Frameworks */ = {
			isa = PBXFrameworksBuildPhase;
			buildActionMask = 2147483647;
			files = (
			);
			runOnlyForDeploymentPostprocessing = 0;
		};
		CEADE743263172570021B4F9 /* Frameworks */ = {
			isa = PBXFrameworksBuildPhase;
			buildActionMask = 2147483647;
			files = (
			);
			runOnlyForDeploymentPostprocessing = 0;
		};
/* End PBXFrameworksBuildPhase section */

/* Begin PBXGroup section */
		CEADE71C263172550021B4F9 = {
			isa = PBXGroup;
			children = (
				CEADE727263172550021B4F9 /* Mandala */,
				CEADE73E263172570021B4F9 /* MandalaTests */,
				CEADE749263172570021B4F9 /* MandalaUITests */,
				CEADE726263172550021B4F9 /* Products */,
			);
			sourceTree = "<group>";
		};
		CEADE726263172550021B4F9 /* Products */ = {
			isa = PBXGroup;
			children = (
				CEADE725263172550021B4F9 /* Mandala.app */,
				CEADE73B263172570021B4F9 /* MandalaTests.xctest */,
				CEADE746263172570021B4F9 /* MandalaUITests.xctest */,
			);
			name = Products;
			sourceTree = "<group>";
		};
		CEADE727263172550021B4F9 /* Mandala */ = {
			isa = PBXGroup;
			children = (
				CEADE728263172550021B4F9 /* AppDelegate.swift */,
				CEADE72A263172550021B4F9 /* SceneDelegate.swift */,
				CEADE72C263172550021B4F9 /* ViewController.swift */,
				CEADE72E263172550021B4F9 /* Main.storyboard */,
				CEADE731263172570021B4F9 /* Assets.xcassets */,
				CEADE733263172570021B4F9 /* LaunchScreen.storyboard */,
				CEADE736263172570021B4F9 /* Info.plist */,
				CEADE75B263172B60021B4F9 /* Mood.swift */,
				CEADE760263176120021B4F9 /* UIColor+Mandala.swift */,
				CEADE765263176860021B4F9 /* UIImage+Mandala.swift */,
			);
			path = Mandala;
			sourceTree = "<group>";
		};
		CEADE73E263172570021B4F9 /* MandalaTests */ = {
			isa = PBXGroup;
			children = (
				CEADE73F263172570021B4F9 /* MandalaTests.swift */,
				CEADE741263172570021B4F9 /* Info.plist */,
			);
			path = MandalaTests;
			sourceTree = "<group>";
		};
		CEADE749263172570021B4F9 /* MandalaUITests */ = {
			isa = PBXGroup;
			children = (
				CEADE74A263172570021B4F9 /* MandalaUITests.swift */,
				CEADE74C263172570021B4F9 /* Info.plist */,
			);
			path = MandalaUITests;
			sourceTree = "<group>";
		};
/* End PBXGroup section */

/* Begin PBXNativeTarget section */
		CEADE724263172550021B4F9 /* Mandala */ = {
			isa = PBXNativeTarget;
			buildConfigurationList = CEADE74F263172570021B4F9 /* Build configuration list for PBXNativeTarget "Mandala" */;
			buildPhases = (
				CEADE721263172550021B4F9 /* Sources */,
				CEADE722263172550021B4F9 /* Frameworks */,
				CEADE723263172550021B4F9 /* Resources */,
			);
			buildRules = (
			);
			dependencies = (
			);
			name = Mandala;
			productName = Mandala;
			productReference = CEADE725263172550021B4F9 /* Mandala.app */;
			productType = "com.apple.product-type.application";
		};
		CEADE73A263172570021B4F9 /* MandalaTests */ = {
			isa = PBXNativeTarget;
			buildConfigurationList = CEADE752263172570021B4F9 /* Build configuration list for PBXNativeTarget "MandalaTests" */;
			buildPhases = (
				CEADE737263172570021B4F9 /* Sources */,
				CEADE738263172570021B4F9 /* Frameworks */,
				CEADE739263172570021B4F9 /* Resources */,
			);
			buildRules = (
			);
			dependencies = (
				CEADE73D263172570021B4F9 /* PBXTargetDependency */,
			);
			name = MandalaTests;
			productName = MandalaTests;
			productReference = CEADE73B263172570021B4F9 /* MandalaTests.xctest */;
			productType = "com.apple.product-type.bundle.unit-test";
		};
		CEADE745263172570021B4F9 /* MandalaUITests */ = {
			isa = PBXNativeTarget;
			buildConfigurationList = CEADE755263172570021B4F9 /* Build configuration list for PBXNativeTarget "MandalaUITests" */;
			buildPhases = (
				CEADE742263172570021B4F9 /* Sources */,
				CEADE743263172570021B4F9 /* Frameworks */,
				CEADE744263172570021B4F9 /* Resources */,
			);
			buildRules = (
			);
			dependencies = (
				CEADE748263172570021B4F9 /* PBXTargetDependency */,
			);
			name = MandalaUITests;
			productName = MandalaUITests;
			productReference = CEADE746263172570021B4F9 /* MandalaUITests.xctest */;
			productType = "com.apple.product-type.bundle.ui-testing";
		};
/* End PBXNativeTarget section */

/* Begin PBXProject section */
		CEADE71D263172550021B4F9 /* Project object */ = {
			isa = PBXProject;
			attributes = {
				LastSwiftUpdateCheck = 1240;
				LastUpgradeCheck = 1240;
				TargetAttributes = {
					CEADE724263172550021B4F9 = {
						CreatedOnToolsVersion = 12.4;
					};
					CEADE73A263172570021B4F9 = {
						CreatedOnToolsVersion = 12.4;
						TestTargetID = CEADE724263172550021B4F9;
					};
					CEADE745263172570021B4F9 = {
						CreatedOnToolsVersion = 12.4;
						TestTargetID = CEADE724263172550021B4F9;
					};
				};
			};
			buildConfigurationList = CEADE720263172550021B4F9 /* Build configuration list for PBXProject "Mandala" */;
			compatibilityVersion = "Xcode 9.3";
			developmentRegion = en;
			hasScannedForEncodings = 0;
			knownRegions = (
				en,
				Base,
			);
			mainGroup = CEADE71C263172550021B4F9;
			productRefGroup = CEADE726263172550021B4F9 /* Products */;
			projectDirPath = "";
			projectRoot = "";
			targets = (
				CEADE724263172550021B4F9 /* Mandala */,
				CEADE73A263172570021B4F9 /* MandalaTests */,
				CEADE745263172570021B4F9 /* MandalaUITests */,
			);
		};
/* End PBXProject section */

/* Begin PBXResourcesBuildPhase section */
		CEADE723263172550021B4F9 /* Resources */ = {
			isa = PBXResourcesBuildPhase;
			buildActionMask = 2147483647;
			files = (
				CEADE735263172570021B4F9 /* LaunchScreen.storyboard in Resources */,
				CEADE732263172570021B4F9 /* Assets.xcassets in Resources */,
				CEADE730263172550021B4F9 /* Main.storyboard in Resources */,
			);
			runOnlyForDeploymentPostprocessing = 0;
		};
		CEADE739263172570021B4F9 /* Resources */ = {
			isa = PBXResourcesBuildPhase;
			buildActionMask = 2147483647;
			files = (
			);
			runOnlyForDeploymentPostprocessing = 0;
		};
		CEADE744263172570021B4F9 /* Resources */ = {
			isa = PBXResourcesBuildPhase;
			buildActionMask = 2147483647;
			files = (
			);
			runOnlyForDeploymentPostprocessing = 0;
		};
/* End PBXResourcesBuildPhase section */

/* Begin PBXSourcesBuildPhase section */
		CEADE721263172550021B4F9 /* Sources */ = {
			isa = PBXSourcesBuildPhase;
			buildActionMask = 2147483647;
			files = (
				CEADE75C263172B60021B4F9 /* Mood.swift in Sources */,
				CEADE72D263172550021B4F9 /* ViewController.swift in Sources */,
				CEADE761263176120021B4F9 /* UIColor+Mandala.swift in Sources */,
				CEADE729263172550021B4F9 /* AppDelegate.swift in Sources */,
				CEADE766263176860021B4F9 /* UIImage+Mandala.swift in Sources */,
				CEADE72B263172550021B4F9 /* SceneDelegate.swift in Sources */,
			);
			runOnlyForDeploymentPostprocessing = 0;
		};
		CEADE737263172570021B4F9 /* Sources */ = {
			isa = PBXSourcesBuildPhase;
			buildActionMask = 2147483647;
			files = (
				CEADE740263172570021B4F9 /* MandalaTests.swift in Sources */,
			);
			runOnlyForDeploymentPostprocessing = 0;
		};
		CEADE742263172570021B4F9 /* Sources */ = {
			isa = PBXSourcesBuildPhase;
			buildActionMask = 2147483647;
			files = (
				CEADE74B263172570021B4F9 /* MandalaUITests.swift in Sources */,
			);
			runOnlyForDeploymentPostprocessing = 0;
		};
/* End PBXSourcesBuildPhase section */

/* Begin PBXTargetDependency section */
		CEADE73D263172570021B4F9 /* PBXTargetDependency */ = {
			isa = PBXTargetDependency;
			target = CEADE724263172550021B4F9 /* Mandala */;
			targetProxy = CEADE73C263172570021B4F9 /* PBXContainerItemProxy */;
		};
		CEADE748263172570021B4F9 /* PBXTargetDependency */ = {
			isa = PBXTargetDependency;
			target = CEADE724263172550021B4F9 /* Mandala */;
			targetProxy = CEADE747263172570021B4F9 /* PBXContainerItemProxy */;
		};
/* End PBXTargetDependency section */

/* Begin PBXVariantGroup section */
		CEADE72E263172550021B4F9 /* Main.storyboard */ = {
			isa = PBXVariantGroup;
			children = (
				CEADE72F263172550021B4F9 /* Base */,
			);
			name = Main.storyboard;
			sourceTree = "<group>";
		};
		CEADE733263172570021B4F9 /* LaunchScreen.storyboard */ = {
			isa = PBXVariantGroup;
			children = (
				CEADE734263172570021B4F9 /* Base */,
			);
			name = LaunchScreen.storyboard;
			sourceTree = "<group>";
		};
/* End PBXVariantGroup section */

/* Begin XCBuildConfiguration section */
		CEADE74D263172570021B4F9 /* Debug */ = {
			isa = XCBuildConfiguration;
			buildSettings = {
				ALWAYS_SEARCH_USER_PATHS = NO;
				CLANG_ANALYZER_NONNULL = YES;
				CLANG_ANALYZER_NUMBER_OBJECT_CONVERSION = YES_AGGRESSIVE;
				CLANG_CXX_LANGUAGE_STANDARD = "gnu++14";
				CLANG_CXX_LIBRARY = "libc++";
				CLANG_ENABLE_MODULES = YES;
				CLANG_ENABLE_OBJC_ARC = YES;
				CLANG_ENABLE_OBJC_WEAK = YES;
				CLANG_WARN_BLOCK_CAPTURE_AUTORELEASING = YES;
				CLANG_WARN_BOOL_CONVERSION = YES;
				CLANG_WARN_COMMA = YES;
				CLANG_WARN_CONSTANT_CONVERSION = YES;
				CLANG_WARN_DEPRECATED_OBJC_IMPLEMENTATIONS = YES;
				CLANG_WARN_DIRECT_OBJC_ISA_USAGE = YES_ERROR;
				CLANG_WARN_DOCUMENTATION_COMMENTS = YES;
				CLANG_WARN_EMPTY_BODY = YES;
				CLANG_WARN_ENUM_CONVERSION = YES;
				CLANG_WARN_INFINITE_RECURSION = YES;
				CLANG_WARN_INT_CONVERSION = YES;
				CLANG_WARN_NON_LITERAL_NULL_CONVERSION = YES;
				CLANG_WARN_OBJC_IMPLICIT_RETAIN_SELF = YES;
				CLANG_WARN_OBJC_LITERAL_CONVERSION = YES;
				CLANG_WARN_OBJC_ROOT_CLASS = YES_ERROR;
				CLANG_WARN_QUOTED_INCLUDE_IN_FRAMEWORK_HEADER = YES;
				CLANG_WARN_RANGE_LOOP_ANALYSIS = YES;
				CLANG_WARN_STRICT_PROTOTYPES = YES;
				CLANG_WARN_SUSPICIOUS_MOVE = YES;
				CLANG_WARN_UNGUARDED_AVAILABILITY = YES_AGGRESSIVE;
				CLANG_WARN_UNREACHABLE_CODE = YES;
				CLANG_WARN__DUPLICATE_METHOD_MATCH = YES;
				COPY_PHASE_STRIP = NO;
				DEBUG_INFORMATION_FORMAT = dwarf;
				ENABLE_STRICT_OBJC_MSGSEND = YES;
				ENABLE_TESTABILITY = YES;
				GCC_C_LANGUAGE_STANDARD = gnu11;
				GCC_DYNAMIC_NO_PIC = NO;
				GCC_NO_COMMON_BLOCKS = YES;
				GCC_OPTIMIZATION_LEVEL = 0;
				GCC_PREPROCESSOR_DEFINITIONS = (
					"DEBUG=1",
					"$(inherited)",
				);
				GCC_WARN_64_TO_32_BIT_CONVERSION = YES;
				GCC_WARN_ABOUT_RETURN_TYPE = YES_ERROR;
				GCC_WARN_UNDECLARED_SELECTOR = YES;
				GCC_WARN_UNINITIALIZED_AUTOS = YES_AGGRESSIVE;
				GCC_WARN_UNUSED_FUNCTION = YES;
				GCC_WARN_UNUSED_VARIABLE = YES;
				IPHONEOS_DEPLOYMENT_TARGET = 14.4;
				MTL_ENABLE_DEBUG_INFO = INCLUDE_SOURCE;
				MTL_FAST_MATH = YES;
				ONLY_ACTIVE_ARCH = YES;
				SDKROOT = iphoneos;
				SWIFT_ACTIVE_COMPILATION_CONDITIONS = DEBUG;
				SWIFT_OPTIMIZATION_LEVEL = "-Onone";
			};
			name = Debug;
		};
		CEADE74E263172570021B4F9 /* Release */ = {
			isa = XCBuildConfiguration;
			buildSettings = {
				ALWAYS_SEARCH_USER_PATHS = NO;
				CLANG_ANALYZER_NONNULL = YES;
				CLANG_ANALYZER_NUMBER_OBJECT_CONVERSION = YES_AGGRESSIVE;
				CLANG_CXX_LANGUAGE_STANDARD = "gnu++14";
				CLANG_CXX_LIBRARY = "libc++";
				CLANG_ENABLE_MODULES = YES;
				CLANG_ENABLE_OBJC_ARC = YES;
				CLANG_ENABLE_OBJC_WEAK = YES;
				CLANG_WARN_BLOCK_CAPTURE_AUTORELEASING = YES;
				CLANG_WARN_BOOL_CONVERSION = YES;
				CLANG_WARN_COMMA = YES;
				CLANG_WARN_CONSTANT_CONVERSION = YES;
				CLANG_WARN_DEPRECATED_OBJC_IMPLEMENTATIONS = YES;
				CLANG_WARN_DIRECT_OBJC_ISA_USAGE = YES_ERROR;
				CLANG_WARN_DOCUMENTATION_COMMENTS = YES;
				CLANG_WARN_EMPTY_BODY = YES;
				CLANG_WARN_ENUM_CONVERSION = YES;
				CLANG_WARN_INFINITE_RECURSION = YES;
				CLANG_WARN_INT_CONVERSION = YES;
				CLANG_WARN_NON_LITERAL_NULL_CONVERSION = YES;
				CLANG_WARN_OBJC_IMPLICIT_RETAIN_SELF = YES;
				CLANG_WARN_OBJC_LITERAL_CONVERSION = YES;
				CLANG_WARN_OBJC_ROOT_CLASS = YES_ERROR;
				CLANG_WARN_QUOTED_INCLUDE_IN_FRAMEWORK_HEADER = YES;
				CLANG_WARN_RANGE_LOOP_ANALYSIS = YES;
				CLANG_WARN_STRICT_PROTOTYPES = YES;
				CLANG_WARN_SUSPICIOUS_MOVE = YES;
				CLANG_WARN_UNGUARDED_AVAILABILITY = YES_AGGRESSIVE;
				CLANG_WARN_UNREACHABLE_CODE = YES;
				CLANG_WARN__DUPLICATE_METHOD_MATCH = YES;
				COPY_PHASE_STRIP = NO;
				DEBUG_INFORMATION_FORMAT = "dwarf-with-dsym";
				ENABLE_NS_ASSERTIONS = NO;
				ENABLE_STRICT_OBJC_MSGSEND = YES;
				GCC_C_LANGUAGE_STANDARD = gnu11;
				GCC_NO_COMMON_BLOCKS = YES;
				GCC_WARN_64_TO_32_BIT_CONVERSION = YES;
				GCC_WARN_ABOUT_RETURN_TYPE = YES_ERROR;
				GCC_WARN_UNDECLARED_SELECTOR = YES;
				GCC_WARN_UNINITIALIZED_AUTOS = YES_AGGRESSIVE;
				GCC_WARN_UNUSED_FUNCTION = YES;
				GCC_WARN_UNUSED_VARIABLE = YES;
				IPHONEOS_DEPLOYMENT_TARGET = 14.4;
				MTL_ENABLE_DEBUG_INFO = NO;
				MTL_FAST_MATH = YES;
				SDKROOT = iphoneos;
				SWIFT_COMPILATION_MODE = wholemodule;
				SWIFT_OPTIMIZATION_LEVEL = "-O";
				VALIDATE_PRODUCT = YES;
			};
			name = Release;
		};
		CEADE750263172570021B4F9 /* Debug */ = {
			isa = XCBuildConfiguration;
			buildSettings = {
				ASSETCATALOG_COMPILER_APPICON_NAME = AppIcon;
				ASSETCATALOG_COMPILER_GLOBAL_ACCENT_COLOR_NAME = AccentColor;
				CODE_SIGN_STYLE = Automatic;
				INFOPLIST_FILE = Mandala/Info.plist;
				LD_RUNPATH_SEARCH_PATHS = (
					"$(inherited)",
					"@executable_path/Frameworks",
				);
				PRODUCT_BUNDLE_IDENTIFIER = Infinno.Mandala;
				PRODUCT_NAME = "$(TARGET_NAME)";
				SWIFT_VERSION = 5.0;
				TARGETED_DEVICE_FAMILY = "1,2";
			};
			name = Debug;
		};
		CEADE751263172570021B4F9 /* Release */ = {
			isa = XCBuildConfiguration;
			buildSettings = {
				ASSETCATALOG_COMPILER_APPICON_NAME = AppIcon;
				ASSETCATALOG_COMPILER_GLOBAL_ACCENT_COLOR_NAME = AccentColor;
				CODE_SIGN_STYLE = Automatic;
				INFOPLIST_FILE = Mandala/Info.plist;
				LD_RUNPATH_SEARCH_PATHS = (
					"$(inherited)",
					"@executable_path/Frameworks",
				);
				PRODUCT_BUNDLE_IDENTIFIER = Infinno.Mandala;
				PRODUCT_NAME = "$(TARGET_NAME)";
				SWIFT_VERSION = 5.0;
				TARGETED_DEVICE_FAMILY = "1,2";
			};
			name = Release;
		};
		CEADE753263172570021B4F9 /* Debug */ = {
			isa = XCBuildConfiguration;
			buildSettings = {
				ALWAYS_EMBED_SWIFT_STANDARD_LIBRARIES = YES;
				BUNDLE_LOADER = "$(TEST_HOST)";
				CODE_SIGN_STYLE = Automatic;
				INFOPLIST_FILE = MandalaTests/Info.plist;
				IPHONEOS_DEPLOYMENT_TARGET = 14.4;
				LD_RUNPATH_SEARCH_PATHS = (
					"$(inherited)",
					"@executable_path/Frameworks",
					"@loader_path/Frameworks",
				);
				PRODUCT_BUNDLE_IDENTIFIER = Infinno.MandalaTests;
				PRODUCT_NAME = "$(TARGET_NAME)";
				SWIFT_VERSION = 5.0;
				TARGETED_DEVICE_FAMILY = "1,2";
				TEST_HOST = "$(BUILT_PRODUCTS_DIR)/Mandala.app/Mandala";
			};
			name = Debug;
		};
		CEADE754263172570021B4F9 /* Release */ = {
			isa = XCBuildConfiguration;
			buildSettings = {
				ALWAYS_EMBED_SWIFT_STANDARD_LIBRARIES = YES;
				BUNDLE_LOADER = "$(TEST_HOST)";
				CODE_SIGN_STYLE = Automatic;
				INFOPLIST_FILE = MandalaTests/Info.plist;
				IPHONEOS_DEPLOYMENT_TARGET = 14.4;
				LD_RUNPATH_SEARCH_PATHS = (
					"$(inherited)",
					"@executable_path/Frameworks",
					"@loader_path/Frameworks",
				);
				PRODUCT_BUNDLE_IDENTIFIER = Infinno.MandalaTests;
				PRODUCT_NAME = "$(TARGET_NAME)";
				SWIFT_VERSION = 5.0;
				TARGETED_DEVICE_FAMILY = "1,2";
				TEST_HOST = "$(BUILT_PRODUCTS_DIR)/Mandala.app/Mandala";
			};
			name = Release;
		};
		CEADE756263172570021B4F9 /* Debug */ = {
			isa = XCBuildConfiguration;
			buildSettings = {
				ALWAYS_EMBED_SWIFT_STANDARD_LIBRARIES = YES;
				CODE_SIGN_STYLE = Automatic;
				INFOPLIST_FILE = MandalaUITests/Info.plist;
				LD_RUNPATH_SEARCH_PATHS = (
					"$(inherited)",
					"@executable_path/Frameworks",
					"@loader_path/Frameworks",
				);
				PRODUCT_BUNDLE_IDENTIFIER = Infinno.MandalaUITests;
				PRODUCT_NAME = "$(TARGET_NAME)";
				SWIFT_VERSION = 5.0;
				TARGETED_DEVICE_FAMILY = "1,2";
				TEST_TARGET_NAME = Mandala;
			};
			name = Debug;
		};
		CEADE757263172570021B4F9 /* Release */ = {
			isa = XCBuildConfiguration;
			buildSettings = {
				ALWAYS_EMBED_SWIFT_STANDARD_LIBRARIES = YES;
				CODE_SIGN_STYLE = Automatic;
				INFOPLIST_FILE = MandalaUITests/Info.plist;
				LD_RUNPATH_SEARCH_PATHS = (
					"$(inherited)",
					"@executable_path/Frameworks",
					"@loader_path/Frameworks",
				);
				PRODUCT_BUNDLE_IDENTIFIER = Infinno.MandalaUITests;
				PRODUCT_NAME = "$(TARGET_NAME)";
				SWIFT_VERSION = 5.0;
				TARGETED_DEVICE_FAMILY = "1,2";
				TEST_TARGET_NAME = Mandala;
			};
			name = Release;
		};
/* End XCBuildConfiguration section */

/* Begin XCConfigurationList section */
		CEADE720263172550021B4F9 /* Build configuration list for PBXProject "Mandala" */ = {
			isa = XCConfigurationList;
			buildConfigurations = (
				CEADE74D263172570021B4F9 /* Debug */,
				CEADE74E263172570021B4F9 /* Release */,
			);
			defaultConfigurationIsVisible = 0;
			defaultConfigurationName = Release;
		};
		CEADE74F263172570021B4F9 /* Build configuration list for PBXNativeTarget "Mandala" */ = {
			isa = XCConfigurationList;
			buildConfigurations = (
				CEADE750263172570021B4F9 /* Debug */,
				CEADE751263172570021B4F9 /* Release */,
			);
			defaultConfigurationIsVisible = 0;
			defaultConfigurationName = Release;
		};
		CEADE752263172570021B4F9 /* Build configuration list for PBXNativeTarget "MandalaTests" */ = {
			isa = XCConfigurationList;
			buildConfigurations = (
				CEADE753263172570021B4F9 /* Debug */,
				CEADE754263172570021B4F9 /* Release */,
			);
			defaultConfigurationIsVisible = 0;
			defaultConfigurationName = Release;
		};
		CEADE755263172570021B4F9 /* Build configuration list for PBXNativeTarget "MandalaUITests" */ = {
			isa = XCConfigurationList;
			buildConfigurations = (
				CEADE756263172570021B4F9 /* Debug */,
				CEADE757263172570021B4F9 /* Release */,
			);
			defaultConfigurationIsVisible = 0;
			defaultConfigurationName = Release;
		};
/* End XCConfigurationList section */
	};
	rootObject = CEADE71D263172550021B4F9 /* Project object */;
}
